
Microsoft Visual Studio Solution File, Format Version 12.00
# Visual Studio Version 16
VisualStudioVersion = 16.0.30225.117
MinimumVisualStudioVersion = 10.0.40219.1
Project("{FAE04EC0-301F-11D3-BF4B-00C04F79EFBC}") = "RecordKeepingNew", "RecordKeepingNew\RecordKeepingNew.csproj", "{068B4A63-167C-4944-9EEE-399D37085F44}"
EndProject
Global
	GlobalSection(SolutionConfigurationPlatforms) = preSolution
		Debug|Any CPU = Debug|Any CPU
		Release|Any CPU = Release|Any CPU
	EndGlobalSection
	GlobalSection(ProjectConfigurationPlatforms) = postSolution
		{068B4A63-167C-4944-9EEE-399D37085F44}.Debug|Any CPU.ActiveCfg = Debug|Any CPU
		{068B4A63-167C-4944-9EEE-399D37085F44}.Debug|Any CPU.Build.0 = Debug|Any CPU
		{068B4A63-167C-4944-9EEE-399D37085F44}.Release|Any CPU.ActiveCfg = Release|Any CPU
		{068B4A63-167C-4944-9EEE-399D37085F44}.Release|Any CPU.Build.0 = Release|Any CPU
	EndGlobalSection
	GlobalSection(SolutionProperties) = preSolution
		HideSolutionNode = FALSE
	EndGlobalSection
	GlobalSection(ExtensibilityGlobals) = postSolution
		SolutionGuid = {51AD3668-309A-4AA6-99CB-6E35882C0D94}
	EndGlobalSection
EndGlobal
